
Microsoft Visual Studio Solution File, Format Version 12.00
# Visual Studio Version 17
VisualStudioVersion = 17.4.33205.214
MinimumVisualStudioVersion = 10.0.40219.1
Project("{FAE04EC0-301F-11D3-BF4B-00C04F79EFBC}") = "ApiRedis", "ApiRedis\ApiRedis.csproj", "{221C64D1-9955-4EB5-BD42-D87767100297}"
EndProject
Global
	GlobalSection(SolutionConfigurationPlatforms) = preSolution
		Debug|Any CPU = Debug|Any CPU
		Release|Any CPU = Release|Any CPU
	EndGlobalSection
	GlobalSection(ProjectConfigurationPlatforms) = postSolution
		{221C64D1-9955-4EB5-BD42-D87767100297}.Debug|Any CPU.ActiveCfg = Debug|Any CPU
		{221C64D1-9955-4EB5-BD42-D87767100297}.Debug|Any CPU.Build.0 = Debug|Any CPU
		{221C64D1-9955-4EB5-BD42-D87767100297}.Release|Any CPU.ActiveCfg = Release|Any CPU
		{221C64D1-9955-4EB5-BD42-D87767100297}.Release|Any CPU.Build.0 = Release|Any CPU
	EndGlobalSection
	GlobalSection(SolutionProperties) = preSolution
		HideSolutionNode = FALSE
	EndGlobalSection
	GlobalSection(ExtensibilityGlobals) = postSolution
		SolutionGuid = {98F2B18C-0E82-4B2B-8414-516A0C38E416}
	EndGlobalSection
EndGlobal
